
Microsoft Visual Studio Solution File, Format Version 12.00
# Visual Studio Version 17
VisualStudioVersion = 17.6.33815.320
MinimumVisualStudioVersion = 10.0.40219.1
Project("{FAE04EC0-301F-11D3-BF4B-00C04F79EFBC}") = "Practica", "Practica\Practica.csproj", "{961168DD-5409-4352-BD06-B1ED4788EF47}"
EndProject
Global
	GlobalSection(SolutionConfigurationPlatforms) = preSolution
		Debug|Any CPU = Debug|Any CPU
		Release|Any CPU = Release|Any CPU
	EndGlobalSection
	GlobalSection(ProjectConfigurationPlatforms) = postSolution
		{961168DD-5409-4352-BD06-B1ED4788EF47}.Debug|Any CPU.ActiveCfg = Debug|Any CPU
		{961168DD-5409-4352-BD06-B1ED4788EF47}.Debug|Any CPU.Build.0 = Debug|Any CPU
		{961168DD-5409-4352-BD06-B1ED4788EF47}.Release|Any CPU.ActiveCfg = Release|Any CPU
		{961168DD-5409-4352-BD06-B1ED4788EF47}.Release|Any CPU.Build.0 = Release|Any CPU
	EndGlobalSection
	GlobalSection(SolutionProperties) = preSolution
		HideSolutionNode = FALSE
	EndGlobalSection
	GlobalSection(ExtensibilityGlobals) = postSolution
		SolutionGuid = {C8243122-01B9-4AF5-B12C-EEA22331B0A0}
	EndGlobalSection
EndGlobal
